{
  "name": "smartfarm-dashboard-web",
  "version": "1.0.0",
  "lockfileVersion": 3,
  "requires": true,
  "packages": {
    "": {
      "name": "smartfarm-dashboard-web",
      "version": "1.0.0",
      "hasInstallScript": true,
      "devDependencies": {
        "husky": "^9.0.0"
      },
      "engines": {
        "node": ">=18.0.0"
      }
    },
    "backend": {
      "name": "smartfarm-backend",
      "version": "1.0.0",
      "extraneous": true,
      "hasInstallScript": true,
      "dependencies": {
        "cors": "^2.8.5",
        "express": "^4.19.2"
      },
      "engines": {
        "node": ">=18.0.0"
      }
    },
    "node_modules/husky": {
      "version": "9.1.7",
      "resolved": "https://registry.npmjs.org/husky/-/husky-9.1.7.tgz",
      "integrity": "sha512-5gs5ytaNjBrh5Ow3zrvdUUY+0VxIuWVL4i9irt6friV+BqdCfmV11CQTWMiBYWHbXhco+J1kHfTOUkePhCDvMA==",
      "dev": true,
      "license": "MIT",
      "bin": {
        "husky": "bin.js"
      },
      "engines": {
        "node": ">=18"
      },
      "funding": {
        "url": "https://github.com/sponsors/typicode"
      }
    },
    "web-project": {
      "name": "smartfarm-frontend",
      "version": "1.0.0",
      "extraneous": true,
      "dependencies": {
        "http-server": "^14.1.1"
      }
    }
  }
}
