{
  "name": "smartfarm-dashboard-web",
  "version": "1.0.0",
  "lockfileVersion": 3,
  "requires": true,
  "packages": {
    "": {
      "name": "smartfarm-dashboard-web",
      "version": "1.0.0",
      "license": "MIT",
      "engines": {
        "node": ">=18.0.0"
      }
    },
    "backend": {
      "name": "smartfarm-backend",
      "version": "1.0.0",
      "extraneous": true,
      "hasInstallScript": true,
      "dependencies": {
        "cors": "^2.8.5",
        "express": "^4.19.2"
      },
      "engines": {
        "node": ">=18.0.0"
      }
    },
    "web-project": {
      "name": "smartfarm-frontend",
      "version": "1.0.0",
      "extraneous": true,
      "dependencies": {
        "http-server": "^14.1.1"
      }
    }
  }
}
